<?xml version="1.0" encoding="utf-8"?>
<Project ToolsVersion="4.0" xmlns="http://schemas.microsoft.com/developer/msbuild/2003">
  <ItemGroup>
    <Filter Include="include">
      <UniqueIdentifier>{74f3a7cd-f88d-43b4-ab08-627291e1acdc}</UniqueIdentifier>
    </Filter>
    <Filter Include="src">
      <UniqueIdentifier>{224b67a6-d52c-49d8-a4fc-3d9f78f29578}</UniqueIdentifier>
    </Filter>
  </ItemGroup>
  <ItemGroup>
    <ClCompile Include="..\..\src\mutex.c">
      <Filter>src</Filter>
    </ClCompile>
    <ClCompile Include="..\..\src\log.c">
      <Filter>src</Filter>
    </ClCompile>
    <ClCompile Include="..\..\src\queue.c">
      <Filter>src</Filter>
    </ClCompile>
    <ClCompile Include="..\..\src\dlist.c">
      <Filter>src</Filter>
    </ClCompile>
  </ItemGroup>
  <ItemGroup>
    <ClInclude Include="..\..\include\libos.h">
      <Filter>include</Filter>
    </ClInclude>
  </ItemGroup>
</Project>