
Microsoft Visual Studio Solution File, Format Version 12.00
# Visual Studio Version 16
VisualStudioVersion = 16.0.31624.102
MinimumVisualStudioVersion = 10.0.40219.1
Project("{8BC9CEB8-8B4A-11D0-8D11-00A0C91BC942}") = "libos", "libos.vcxproj", "{C25B0CD0-745E-4861-8CE8-36ED5D186CBD}"
EndProject
Project("{8BC9CEB8-8B4A-11D0-8D11-00A0C91BC942}") = "os_list_test", "os_list_test.vcxproj", "{15FCC1D1-4430-4A9E-AB91-38E964996799}"
	ProjectSection(ProjectDependencies) = postProject
		{C25B0CD0-745E-4861-8CE8-36ED5D186CBD} = {C25B0CD0-745E-4861-8CE8-36ED5D186CBD}
	EndProjectSection
EndProject
Project("{8BC9CEB8-8B4A-11D0-8D11-00A0C91BC942}") = "os_log_test", "os_log_test.vcxproj", "{EF25CD5F-E624-4C5C-96C7-2C21B86897E3}"
	ProjectSection(ProjectDependencies) = postProject
		{C25B0CD0-745E-4861-8CE8-36ED5D186CBD} = {C25B0CD0-745E-4861-8CE8-36ED5D186CBD}
	EndProjectSection
EndProject
Project("{8BC9CEB8-8B4A-11D0-8D11-00A0C91BC942}") = "os_queue_test", "os_queue_test.vcxproj", "{E09673BA-50BB-497A-8BA3-BE564EA82E79}"
	ProjectSection(ProjectDependencies) = postProject
		{C25B0CD0-745E-4861-8CE8-36ED5D186CBD} = {C25B0CD0-745E-4861-8CE8-36ED5D186CBD}
	EndProjectSection
EndProject
Global
	GlobalSection(SolutionConfigurationPlatforms) = preSolution
		Debug|x64 = Debug|x64
		Debug|x86 = Debug|x86
		Release|x64 = Release|x64
		Release|x86 = Release|x86
	EndGlobalSection
	GlobalSection(ProjectConfigurationPlatforms) = postSolution
		{C25B0CD0-745E-4861-8CE8-36ED5D186CBD}.Debug|x64.ActiveCfg = Debug|x64
		{C25B0CD0-745E-4861-8CE8-36ED5D186CBD}.Debug|x64.Build.0 = Debug|x64
		{C25B0CD0-745E-4861-8CE8-36ED5D186CBD}.Debug|x64.Deploy.0 = Debug|x64
		{C25B0CD0-745E-4861-8CE8-36ED5D186CBD}.Debug|x86.ActiveCfg = Debug|x86
		{C25B0CD0-745E-4861-8CE8-36ED5D186CBD}.Debug|x86.Build.0 = Debug|x86
		{C25B0CD0-745E-4861-8CE8-36ED5D186CBD}.Debug|x86.Deploy.0 = Debug|x86
		{C25B0CD0-745E-4861-8CE8-36ED5D186CBD}.Release|x64.ActiveCfg = Release|x64
		{C25B0CD0-745E-4861-8CE8-36ED5D186CBD}.Release|x64.Build.0 = Release|x64
		{C25B0CD0-745E-4861-8CE8-36ED5D186CBD}.Release|x64.Deploy.0 = Release|x64
		{C25B0CD0-745E-4861-8CE8-36ED5D186CBD}.Release|x86.ActiveCfg = Release|x86
		{C25B0CD0-745E-4861-8CE8-36ED5D186CBD}.Release|x86.Build.0 = Release|x86
		{C25B0CD0-745E-4861-8CE8-36ED5D186CBD}.Release|x86.Deploy.0 = Release|x86
		{15FCC1D1-4430-4A9E-AB91-38E964996799}.Debug|x64.ActiveCfg = Debug|x64
		{15FCC1D1-4430-4A9E-AB91-38E964996799}.Debug|x64.Build.0 = Debug|x64
		{15FCC1D1-4430-4A9E-AB91-38E964996799}.Debug|x64.Deploy.0 = Debug|x64
		{15FCC1D1-4430-4A9E-AB91-38E964996799}.Debug|x86.ActiveCfg = Debug|x86
		{15FCC1D1-4430-4A9E-AB91-38E964996799}.Debug|x86.Build.0 = Debug|x86
		{15FCC1D1-4430-4A9E-AB91-38E964996799}.Debug|x86.Deploy.0 = Debug|x86
		{15FCC1D1-4430-4A9E-AB91-38E964996799}.Release|x64.ActiveCfg = Release|x64
		{15FCC1D1-4430-4A9E-AB91-38E964996799}.Release|x64.Build.0 = Release|x64
		{15FCC1D1-4430-4A9E-AB91-38E964996799}.Release|x64.Deploy.0 = Release|x64
		{15FCC1D1-4430-4A9E-AB91-38E964996799}.Release|x86.ActiveCfg = Release|x86
		{15FCC1D1-4430-4A9E-AB91-38E964996799}.Release|x86.Build.0 = Release|x86
		{15FCC1D1-4430-4A9E-AB91-38E964996799}.Release|x86.Deploy.0 = Release|x86
		{EF25CD5F-E624-4C5C-96C7-2C21B86897E3}.Debug|x64.ActiveCfg = Debug|x64
		{EF25CD5F-E624-4C5C-96C7-2C21B86897E3}.Debug|x64.Build.0 = Debug|x64
		{EF25CD5F-E624-4C5C-96C7-2C21B86897E3}.Debug|x64.Deploy.0 = Debug|x64
		{EF25CD5F-E624-4C5C-96C7-2C21B86897E3}.Debug|x86.ActiveCfg = Debug|x86
		{EF25CD5F-E624-4C5C-96C7-2C21B86897E3}.Debug|x86.Build.0 = Debug|x86
		{EF25CD5F-E624-4C5C-96C7-2C21B86897E3}.Debug|x86.Deploy.0 = Debug|x86
		{EF25CD5F-E624-4C5C-96C7-2C21B86897E3}.Release|x64.ActiveCfg = Release|x64
		{EF25CD5F-E624-4C5C-96C7-2C21B86897E3}.Release|x64.Build.0 = Release|x64
		{EF25CD5F-E624-4C5C-96C7-2C21B86897E3}.Release|x64.Deploy.0 = Release|x64
		{EF25CD5F-E624-4C5C-96C7-2C21B86897E3}.Release|x86.ActiveCfg = Release|x86
		{EF25CD5F-E624-4C5C-96C7-2C21B86897E3}.Release|x86.Build.0 = Release|x86
		{EF25CD5F-E624-4C5C-96C7-2C21B86897E3}.Release|x86.Deploy.0 = Release|x86
		{E09673BA-50BB-497A-8BA3-BE564EA82E79}.Debug|x64.ActiveCfg = Debug|x64
		{E09673BA-50BB-497A-8BA3-BE564EA82E79}.Debug|x64.Build.0 = Debug|x64
		{E09673BA-50BB-497A-8BA3-BE564EA82E79}.Debug|x64.Deploy.0 = Debug|x64
		{E09673BA-50BB-497A-8BA3-BE564EA82E79}.Debug|x86.ActiveCfg = Debug|x86
		{E09673BA-50BB-497A-8BA3-BE564EA82E79}.Debug|x86.Build.0 = Debug|x86
		{E09673BA-50BB-497A-8BA3-BE564EA82E79}.Debug|x86.Deploy.0 = Debug|x86
		{E09673BA-50BB-497A-8BA3-BE564EA82E79}.Release|x64.ActiveCfg = Release|x64
		{E09673BA-50BB-497A-8BA3-BE564EA82E79}.Release|x64.Build.0 = Release|x64
		{E09673BA-50BB-497A-8BA3-BE564EA82E79}.Release|x64.Deploy.0 = Release|x64
		{E09673BA-50BB-497A-8BA3-BE564EA82E79}.Release|x86.ActiveCfg = Release|x86
		{E09673BA-50BB-497A-8BA3-BE564EA82E79}.Release|x86.Build.0 = Release|x86
		{E09673BA-50BB-497A-8BA3-BE564EA82E79}.Release|x86.Deploy.0 = Release|x86
	EndGlobalSection
	GlobalSection(SolutionProperties) = preSolution
		HideSolutionNode = FALSE
	EndGlobalSection
	GlobalSection(ExtensibilityGlobals) = postSolution
		SolutionGuid = {41BCE5F1-2927-45DD-A393-F60B5367829D}
	EndGlobalSection
EndGlobal
