<?xml version="1.0" encoding="utf-8"?>
<Project ToolsVersion="4.0" xmlns="http://schemas.microsoft.com/developer/msbuild/2003">
  <ItemGroup>
    <Filter Include="src">
      <UniqueIdentifier>{11b86a3c-2848-4e2d-870a-547de2b1ad25}</UniqueIdentifier>
    </Filter>
  </ItemGroup>
  <ItemGroup>
    <ClCompile Include="..\..\examples\os_queue_test.c">
      <Filter>src</Filter>
    </ClCompile>
  </ItemGroup>
</Project>